Microsoft Visual Studio Solution File, Format Version 12.00
# Visual Studio Version 17
VisualStudioVersion = 17.5.2.0
MinimumVisualStudioVersion = 10.0.40219.1
Project("{FAE04EC0-301F-11D3-BF4B-00C04F79EFBC}") = "firstapplication", "firstapplication.csproj", "{684065D6-AA6F-4204-B85E-41F5175CA36F}"
EndProject
Global
	GlobalSection(SolutionConfigurationPlatforms) = preSolution
		Debug|Any CPU = Debug|Any CPU
		Release|Any CPU = Release|Any CPU
	EndGlobalSection
	GlobalSection(ProjectConfigurationPlatforms) = postSolution
		{684065D6-AA6F-4204-B85E-41F5175CA36F}.Debug|Any CPU.ActiveCfg = Debug|Any CPU
		{684065D6-AA6F-4204-B85E-41F5175CA36F}.Debug|Any CPU.Build.0 = Debug|Any CPU
		{684065D6-AA6F-4204-B85E-41F5175CA36F}.Release|Any CPU.ActiveCfg = Release|Any CPU
		{684065D6-AA6F-4204-B85E-41F5175CA36F}.Release|Any CPU.Build.0 = Release|Any CPU
	EndGlobalSection
	GlobalSection(SolutionProperties) = preSolution
		HideSolutionNode = FALSE
	EndGlobalSection
	GlobalSection(ExtensibilityGlobals) = postSolution
		SolutionGuid = {D51B178E-FC86-4B69-BC92-07A5BC3A0F2B}
	EndGlobalSection
EndGlobal
